// !$*UTF8*$!
{
	archiveVersion = 1;
	classes = {
	};
	objectVersion = 77;
	objects = {

/* Begin PBXBuildFile section */
		F88FE4002E9D41C200376230 /* GooglePlaces in Frameworks */ = {isa = PBXBuildFile; productRef = F88FE3FF2E9D41C200376230 /* GooglePlaces */; };
		F88FE4022E9D41C200376230 /* GooglePlacesSwift in Frameworks */ = {isa = PBXBuildFile; productRef = F88FE4012E9D41C200376230 /* GooglePlacesSwift */; };
/* End PBXBuildFile section */

/* Begin PBXContainerItemProxy section */
		F88FE34A2E97C33200376230 /* PBXContainerItemProxy */ = {
			isa = PBXContainerItemProxy;
			containerPortal = F88FE32F2E97C32F00376230 /* Project object */;
			proxyType = 1;
			remoteGlobalIDString = F88FE3362E97C32F00376230;
			remoteInfo = RollingDice;
		};
		F88FE3542E97C33200376230 /* PBXContainerItemProxy */ = {
			isa = PBXContainerItemProxy;
			containerPortal = F88FE32F2E97C32F00376230 /* Project object */;
			proxyType = 1;
			remoteGlobalIDString = F88FE3362E97C32F00376230;
			remoteInfo = RollingDice;
		};
/* End PBXContainerItemProxy section */

/* Begin PBXFileReference section */
		F88FE3372E97C32F00376230 /* RollingDice.app */ = {isa = PBXFileReference; explicitFileType = wrapper.application; includeInIndex = 0; path = RollingDice.app; sourceTree = BUILT_PRODUCTS_DIR; };
		F88FE3492E97C33200376230 /* RollingDiceTests.xctest */ = {isa = PBXFileReference; explicitFileType = wrapper.cfbundle; includeInIndex = 0; path = RollingDiceTests.xctest; sourceTree = BUILT_PRODUCTS_DIR; };
		F88FE3532E97C33200376230 /* RollingDiceUITests.xctest */ = {isa = PBXFileReference; explicitFileType = wrapper.cfbundle; includeInIndex = 0; path = RollingDiceUITests.xctest; sourceTree = BUILT_PRODUCTS_DIR; };
/* End PBXFileReference section */

/* Begin PBXFileSystemSynchronizedRootGroup section */
		F88FE3392E97C32F00376230 /* RollingDice */ = {
			isa = PBXFileSystemSynchronizedRootGroup;
			path = RollingDice;
			sourceTree = "<group>";
		};
		F88FE34C2E97C33200376230 /* RollingDiceTests */ = {
			isa = PBXFileSystemSynchronizedRootGroup;
			path = RollingDiceTests;
			sourceTree = "<group>";
		};
		F88FE3562E97C33200376230 /* RollingDiceUITests */ = {
			isa = PBXFileSystemSynchronizedRootGroup;
			path = RollingDiceUITests;
			sourceTree = "<group>";
		};
/* End PBXFileSystemSynchronizedRootGroup section */

/* Begin PBXFrameworksBuildPhase section */
		F88FE3342E97C32F00376230 /* Frameworks */ = {
			isa = PBXFrameworksBuildPhase;
			buildActionMask = 2147483647;
			files = (
				F88FE4002E9D41C200376230 /* GooglePlaces in Frameworks */,
				F88FE4022E9D41C200376230 /* GooglePlacesSwift in Frameworks */,
			);
			runOnlyForDeploymentPostprocessing = 0;
		};
		F88FE3462E97C33200376230 /* Frameworks */ = {
			isa = PBXFrameworksBuildPhase;
			buildActionMask = 2147483647;
			files = (
			);
			runOnlyForDeploymentPostprocessing = 0;
		};
		F88FE3502E97C33200376230 /* Frameworks */ = {
			isa = PBXFrameworksBuildPhase;
			buildActionMask = 2147483647;
			files = (
			);
			runOnlyForDeploymentPostprocessing = 0;
		};
/* End PBXFrameworksBuildPhase section */

/* Begin PBXGroup section */
		F88FE32E2E97C32F00376230 = {
			isa = PBXGroup;
			children = (
				F88FE3392E97C32F00376230 /* RollingDice */,
				F88FE34C2E97C33200376230 /* RollingDiceTests */,
				F88FE3562E97C33200376230 /* RollingDiceUITests */,
				F88FE3382E97C32F00376230 /* Products */,
			);
			sourceTree = "<group>";
		};
		F88FE3382E97C32F00376230 /* Products */ = {
			isa = PBXGroup;
			children = (
				F88FE3372E97C32F00376230 /* RollingDice.app */,
				F88FE3492E97C33200376230 /* RollingDiceTests.xctest */,
				F88FE3532E97C33200376230 /* RollingDiceUITests.xctest */,
			);
			name = Products;
			sourceTree = "<group>";
		};
/* End PBXGroup section */

/* Begin PBXNativeTarget section */
		F88FE3362E97C32F00376230 /* RollingDice */ = {
			isa = PBXNativeTarget;
			buildConfigurationList = F88FE35D2E97C33200376230 /* Build configuration list for PBXNativeTarget "RollingDice" */;
			buildPhases = (
				F88FE3332E97C32F00376230 /* Sources */,
				F88FE3342E97C32F00376230 /* Frameworks */,
				F88FE3352E97C32F00376230 /* Resources */,
			);
			buildRules = (
			);
			dependencies = (
			);
			fileSystemSynchronizedGroups = (
				F88FE3392E97C32F00376230 /* RollingDice */,
			);
			name = RollingDice;
			packageProductDependencies = (
				F88FE3FF2E9D41C200376230 /* GooglePlaces */,
				F88FE4012E9D41C200376230 /* GooglePlacesSwift */,
			);
			productName = RollingDice;
			productReference = F88FE3372E97C32F00376230 /* RollingDice.app */;
			productType = "com.apple.product-type.application";
		};
		F88FE3482E97C33200376230 /* RollingDiceTests */ = {
			isa = PBXNativeTarget;
			buildConfigurationList = F88FE3602E97C33200376230 /* Build configuration list for PBXNativeTarget "RollingDiceTests" */;
			buildPhases = (
				F88FE3452E97C33200376230 /* Sources */,
				F88FE3462E97C33200376230 /* Frameworks */,
				F88FE3472E97C33200376230 /* Resources */,
			);
			buildRules = (
			);
			dependencies = (
				F88FE34B2E97C33200376230 /* PBXTargetDependency */,
			);
			fileSystemSynchronizedGroups = (
				F88FE34C2E97C33200376230 /* RollingDiceTests */,
			);
			name = RollingDiceTests;
			packageProductDependencies = (
			);
			productName = RollingDiceTests;
			productReference = F88FE3492E97C33200376230 /* RollingDiceTests.xctest */;
			productType = "com.apple.product-type.bundle.unit-test";
		};
		F88FE3522E97C33200376230 /* RollingDiceUITests */ = {
			isa = PBXNativeTarget;
			buildConfigurationList = F88FE3632E97C33200376230 /* Build configuration list for PBXNativeTarget "RollingDiceUITests" */;
			buildPhases = (
				F88FE34F2E97C33200376230 /* Sources */,
				F88FE3502E97C33200376230 /* Frameworks */,
				F88FE3512E97C33200376230 /* Resources */,
			);
			buildRules = (
			);
			dependencies = (
				F88FE3552E97C33200376230 /* PBXTargetDependency */,
			);
			fileSystemSynchronizedGroups = (
				F88FE3562E97C33200376230 /* RollingDiceUITests */,
			);
			name = RollingDiceUITests;
			packageProductDependencies = (
			);
			productName = RollingDiceUITests;
			productReference = F88FE3532E97C33200376230 /* RollingDiceUITests.xctest */;
			productType = "com.apple.product-type.bundle.ui-testing";
		};
/* End PBXNativeTarget section */

/* Begin PBXProject section */
		F88FE32F2E97C32F00376230 /* Project object */ = {
			isa = PBXProject;
			attributes = {
				BuildIndependentTargetsInParallel = 1;
				LastSwiftUpdateCheck = 1640;
				LastUpgradeCheck = 1640;
				TargetAttributes = {
					F88FE3362E97C32F00376230 = {
						CreatedOnToolsVersion = 16.4;
					};
					F88FE3482E97C33200376230 = {
						CreatedOnToolsVersion = 16.4;
						TestTargetID = F88FE3362E97C32F00376230;
					};
					F88FE3522E97C33200376230 = {
						CreatedOnToolsVersion = 16.4;
						TestTargetID = F88FE3362E97C32F00376230;
					};
				};
			};
			buildConfigurationList = F88FE3322E97C32F00376230 /* Build configuration list for PBXProject "RollingDice" */;
			developmentRegion = en;
			hasScannedForEncodings = 0;
			knownRegions = (
				en,
				Base,
			);
			mainGroup = F88FE32E2E97C32F00376230;
			minimizedProjectReferenceProxies = 1;
			packageReferences = (
				F88FE3D52E9D3E9300376230 /* XCRemoteSwiftPackageReference "ios-places-sdk" */,
			);
			preferredProjectObjectVersion = 77;
			productRefGroup = F88FE3382E97C32F00376230 /* Products */;
			projectDirPath = "";
			projectRoot = "";
			targets = (
				F88FE3362E97C32F00376230 /* RollingDice */,
				F88FE3482E97C33200376230 /* RollingDiceTests */,
				F88FE3522E97C33200376230 /* RollingDiceUITests */,
			);
		};
/* End PBXProject section */

/* Begin PBXResourcesBuildPhase section */
		F88FE3352E97C32F00376230 /* Resources */ = {
			isa = PBXResourcesBuildPhase;
			buildActionMask = 2147483647;
			files = (
			);
			runOnlyForDeploymentPostprocessing = 0;
		};
		F88FE3472E97C33200376230 /* Resources */ = {
			isa = PBXResourcesBuildPhase;
			buildActionMask = 2147483647;
			files = (
			);
			runOnlyForDeploymentPostprocessing = 0;
		};
		F88FE3512E97C33200376230 /* Resources */ = {
			isa = PBXResourcesBuildPhase;
			buildActionMask = 2147483647;
			files = (
			);
			runOnlyForDeploymentPostprocessing = 0;
		};
/* End PBXResourcesBuildPhase section */

/* Begin PBXSourcesBuildPhase section */
		F88FE3332E97C32F00376230 /* Sources */ = {
			isa = PBXSourcesBuildPhase;
			buildActionMask = 2147483647;
			files = (
			);
			runOnlyForDeploymentPostprocessing = 0;
		};
		F88FE3452E97C33200376230 /* Sources */ = {
			isa = PBXSourcesBuildPhase;
			buildActionMask = 2147483647;
			files = (
			);
			runOnlyForDeploymentPostprocessing = 0;
		};
		F88FE34F2E97C33200376230 /* Sources */ = {
			isa = PBXSourcesBuildPhase;
			buildActionMask = 2147483647;
			files = (
			);
			runOnlyForDeploymentPostprocessing = 0;
		};
/* End PBXSourcesBuildPhase section */

/* Begin PBXTargetDependency section */
		F88FE34B2E97C33200376230 /* PBXTargetDependency */ = {
			isa = PBXTargetDependency;
			target = F88FE3362E97C32F00376230 /* RollingDice */;
			targetProxy = F88FE34A2E97C33200376230 /* PBXContainerItemProxy */;
		};
		F88FE3552E97C33200376230 /* PBXTargetDependency */ = {
			isa = PBXTargetDependency;
			target = F88FE3362E97C32F00376230 /* RollingDice */;
			targetProxy = F88FE3542E97C33200376230 /* PBXContainerItemProxy */;
		};
/* End PBXTargetDependency section */

/* Begin XCBuildConfiguration section */
		F88FE35B2E97C33200376230 /* Debug */ = {
			isa = XCBuildConfiguration;
			buildSettings = {
				ALWAYS_SEARCH_USER_PATHS = NO;
				ASSETCATALOG_COMPILER_GENERATE_SWIFT_ASSET_SYMBOL_EXTENSIONS = YES;
				CLANG_ANALYZER_NONNULL = YES;
				CLANG_ANALYZER_NUMBER_OBJECT_CONVERSION = YES_AGGRESSIVE;
				CLANG_CXX_LANGUAGE_STANDARD = "gnu++20";
				CLANG_ENABLE_MODULES = YES;
				CLANG_ENABLE_OBJC_ARC = YES;
				CLANG_ENABLE_OBJC_WEAK = YES;
				CLANG_WARN_BLOCK_CAPTURE_AUTORELEASING = YES;
				CLANG_WARN_BOOL_CONVERSION = YES;
				CLANG_WARN_COMMA = YES;
				CLANG_WARN_CONSTANT_CONVERSION = YES;
				CLANG_WARN_DEPRECATED_OBJC_IMPLEMENTATIONS = YES;
				CLANG_WARN_DIRECT_OBJC_ISA_USAGE = YES_ERROR;
				CLANG_WARN_DOCUMENTATION_COMMENTS = YES;
				CLANG_WARN_EMPTY_BODY = YES;
				CLANG_WARN_ENUM_CONVERSION = YES;
				CLANG_WARN_INFINITE_RECURSION = YES;
				CLANG_WARN_INT_CONVERSION = YES;
				CLANG_WARN_NON_LITERAL_NULL_CONVERSION = YES;
				CLANG_WARN_OBJC_IMPLICIT_RETAIN_SELF = YES;
				CLANG_WARN_OBJC_LITERAL_CONVERSION = YES;
				CLANG_WARN_OBJC_ROOT_CLASS = YES_ERROR;
				CLANG_WARN_QUOTED_INCLUDE_IN_FRAMEWORK_HEADER = YES;
				CLANG_WARN_RANGE_LOOP_ANALYSIS = YES;
				CLANG_WARN_STRICT_PROTOTYPES = YES;
				CLANG_WARN_SUSPICIOUS_MOVE = YES;
				CLANG_WARN_UNGUARDED_AVAILABILITY = YES_AGGRESSIVE;
				CLANG_WARN_UNREACHABLE_CODE = YES;
				CLANG_WARN__DUPLICATE_METHOD_MATCH = YES;
				COPY_PHASE_STRIP = NO;
				DEBUG_INFORMATION_FORMAT = dwarf;
				DEVELOPMENT_TEAM = 4329X84WSG;
				ENABLE_STRICT_OBJC_MSGSEND = YES;
				ENABLE_TESTABILITY = YES;
				ENABLE_USER_SCRIPT_SANDBOXING = YES;
				GCC_C_LANGUAGE_STANDARD = gnu17;
				GCC_DYNAMIC_NO_PIC = NO;
				GCC_NO_COMMON_BLOCKS = YES;
				GCC_OPTIMIZATION_LEVEL = 0;
				GCC_PREPROCESSOR_DEFINITIONS = (
					"DEBUG=1",
					"$(inherited)",
				);
				GCC_WARN_64_TO_32_BIT_CONVERSION = YES;
				GCC_WARN_ABOUT_RETURN_TYPE = YES_ERROR;
				GCC_WARN_UNDECLARED_SELECTOR = YES;
				GCC_WARN_UNINITIALIZED_AUTOS = YES_AGGRESSIVE;
				GCC_WARN_UNUSED_FUNCTION = YES;
				GCC_WARN_UNUSED_VARIABLE = YES;
				IPHONEOS_DEPLOYMENT_TARGET = 18.5;
				LOCALIZATION_PREFERS_STRING_CATALOGS = YES;
				MTL_ENABLE_DEBUG_INFO = INCLUDE_SOURCE;
				MTL_FAST_MATH = YES;
				ONLY_ACTIVE_ARCH = YES;
				SDKROOT = iphoneos;
				SWIFT_ACTIVE_COMPILATION_CONDITIONS = "DEBUG $(inherited)";
				SWIFT_OPTIMIZATION_LEVEL = "-Onone";
			};
			name = Debug;
		};
		F88FE35C2E97C33200376230 /* Release */ = {
			isa = XCBuildConfiguration;
			buildSettings = {
				ALWAYS_SEARCH_USER_PATHS = NO;
				ASSETCATALOG_COMPILER_GENERATE_SWIFT_ASSET_SYMBOL_EXTENSIONS = YES;
				CLANG_ANALYZER_NONNULL = YES;
				CLANG_ANALYZER_NUMBER_OBJECT_CONVERSION = YES_AGGRESSIVE;
				CLANG_CXX_LANGUAGE_STANDARD = "gnu++20";
				CLANG_ENABLE_MODULES = YES;
				CLANG_ENABLE_OBJC_ARC = YES;
				CLANG_ENABLE_OBJC_WEAK = YES;
				CLANG_WARN_BLOCK_CAPTURE_AUTORELEASING = YES;
				CLANG_WARN_BOOL_CONVERSION = YES;
				CLANG_WARN_COMMA = YES;
				CLANG_WARN_CONSTANT_CONVERSION = YES;
				CLANG_WARN_DEPRECATED_OBJC_IMPLEMENTATIONS = YES;
				CLANG_WARN_DIRECT_OBJC_ISA_USAGE = YES_ERROR;
				CLANG_WARN_DOCUMENTATION_COMMENTS = YES;
				CLANG_WARN_EMPTY_BODY = YES;
				CLANG_WARN_ENUM_CONVERSION = YES;
				CLANG_WARN_INFINITE_RECURSION = YES;
				CLANG_WARN_INT_CONVERSION = YES;
				CLANG_WARN_NON_LITERAL_NULL_CONVERSION = YES;
				CLANG_WARN_OBJC_IMPLICIT_RETAIN_SELF = YES;
				CLANG_WARN_OBJC_LITERAL_CONVERSION = YES;
				CLANG_WARN_OBJC_ROOT_CLASS = YES_ERROR;
				CLANG_WARN_QUOTED_INCLUDE_IN_FRAMEWORK_HEADER = YES;
				CLANG_WARN_RANGE_LOOP_ANALYSIS = YES;
				CLANG_WARN_STRICT_PROTOTYPES = YES;
				CLANG_WARN_SUSPICIOUS_MOVE = YES;
				CLANG_WARN_UNGUARDED_AVAILABILITY = YES_AGGRESSIVE;
				CLANG_WARN_UNREACHABLE_CODE = YES;
				CLANG_WARN__DUPLICATE_METHOD_MATCH = YES;
				COPY_PHASE_STRIP = NO;
				DEBUG_INFORMATION_FORMAT = "dwarf-with-dsym";
				DEVELOPMENT_TEAM = 4329X84WSG;
				ENABLE_NS_ASSERTIONS = NO;
				ENABLE_STRICT_OBJC_MSGSEND = YES;
				ENABLE_USER_SCRIPT_SANDBOXING = YES;
				GCC_C_LANGUAGE_STANDARD = gnu17;
				GCC_NO_COMMON_BLOCKS = YES;
				GCC_WARN_64_TO_32_BIT_CONVERSION = YES;
				GCC_WARN_ABOUT_RETURN_TYPE = YES_ERROR;
				GCC_WARN_UNDECLARED_SELECTOR = YES;
				GCC_WARN_UNINITIALIZED_AUTOS = YES_AGGRESSIVE;
				GCC_WARN_UNUSED_FUNCTION = YES;
				GCC_WARN_UNUSED_VARIABLE = YES;
				IPHONEOS_DEPLOYMENT_TARGET = 18.5;
				LOCALIZATION_PREFERS_STRING_CATALOGS = YES;
				MTL_ENABLE_DEBUG_INFO = NO;
				MTL_FAST_MATH = YES;
				SDKROOT = iphoneos;
				SWIFT_COMPILATION_MODE = wholemodule;
				VALIDATE_PRODUCT = YES;
			};
			name = Release;
		};
		F88FE35E2E97C33200376230 /* Debug */ = {
			isa = XCBuildConfiguration;
			buildSettings = {
				ASSETCATALOG_COMPILER_APPICON_NAME = AppIcon;
				ASSETCATALOG_COMPILER_GLOBAL_ACCENT_COLOR_NAME = AccentColor;
				CODE_SIGN_STYLE = Automatic;
				CURRENT_PROJECT_VERSION = 1;
				DEVELOPMENT_TEAM = 4329X84WSG;
				ENABLE_PREVIEWS = YES;
				GENERATE_INFOPLIST_FILE = YES;
				INFOPLIST_KEY_CFBundleDisplayName = FoodSlot;
				INFOPLIST_KEY_NSLocationAlwaysAndWhenInUseUsageDescription = "L'app usa la tua posizione per trovarti ristoranti adatti nelle vicinanze.";
				INFOPLIST_KEY_NSLocationWhenInUseUsageDescription = "L'app usa la tua posizione per mostrarti ristoranti vicini alla cucina selezionata.";
				INFOPLIST_KEY_UIApplicationSceneManifest_Generation = YES;
				INFOPLIST_KEY_UIApplicationSupportsIndirectInputEvents = YES;
				INFOPLIST_KEY_UILaunchScreen_Generation = YES;
				INFOPLIST_KEY_UISupportedInterfaceOrientations_iPad = "UIInterfaceOrientationPortrait UIInterfaceOrientationPortraitUpsideDown UIInterfaceOrientationLandscapeLeft UIInterfaceOrientationLandscapeRight";
				INFOPLIST_KEY_UISupportedInterfaceOrientations_iPhone = "UIInterfaceOrientationPortrait UIInterfaceOrientationLandscapeLeft UIInterfaceOrientationLandscapeRight";
				LD_RUNPATH_SEARCH_PATHS = (
					"$(inherited)",
					"@executable_path/Frameworks",
				);
				MARKETING_VERSION = 1.0;
				PRODUCT_BUNDLE_IDENTIFIER = PepSic.RollingDice;
				PRODUCT_NAME = "$(TARGET_NAME)";
				SWIFT_EMIT_LOC_STRINGS = YES;
				SWIFT_VERSION = 5.0;
				TARGETED_DEVICE_FAMILY = "1,2";
			};
			name = Debug;
		};
		F88FE35F2E97C33200376230 /* Release */ = {
			isa = XCBuildConfiguration;
			buildSettings = {
				ASSETCATALOG_COMPILER_APPICON_NAME = AppIcon;
				ASSETCATALOG_COMPILER_GLOBAL_ACCENT_COLOR_NAME = AccentColor;
				CODE_SIGN_STYLE = Automatic;
				CURRENT_PROJECT_VERSION = 1;
				DEVELOPMENT_TEAM = 4329X84WSG;
				ENABLE_PREVIEWS = YES;
				GENERATE_INFOPLIST_FILE = YES;
				INFOPLIST_KEY_CFBundleDisplayName = FoodSlot;
				INFOPLIST_KEY_NSLocationAlwaysAndWhenInUseUsageDescription = "L'app usa la tua posizione per trovarti ristoranti adatti nelle vicinanze.";
				INFOPLIST_KEY_NSLocationWhenInUseUsageDescription = "L'app usa la tua posizione per mostrarti ristoranti vicini alla cucina selezionata.";
				INFOPLIST_KEY_UIApplicationSceneManifest_Generation = YES;
				INFOPLIST_KEY_UIApplicationSupportsIndirectInputEvents = YES;
				INFOPLIST_KEY_UILaunchScreen_Generation = YES;
				INFOPLIST_KEY_UISupportedInterfaceOrientations_iPad = "UIInterfaceOrientationPortrait UIInterfaceOrientationPortraitUpsideDown UIInterfaceOrientationLandscapeLeft UIInterfaceOrientationLandscapeRight";
				INFOPLIST_KEY_UISupportedInterfaceOrientations_iPhone = "UIInterfaceOrientationPortrait UIInterfaceOrientationLandscapeLeft UIInterfaceOrientationLandscapeRight";
				LD_RUNPATH_SEARCH_PATHS = (
					"$(inherited)",
					"@executable_path/Frameworks",
				);
				MARKETING_VERSION = 1.0;
				PRODUCT_BUNDLE_IDENTIFIER = PepSic.RollingDice;
				PRODUCT_NAME = "$(TARGET_NAME)";
				SWIFT_EMIT_LOC_STRINGS = YES;
				SWIFT_VERSION = 5.0;
				TARGETED_DEVICE_FAMILY = "1,2";
			};
			name = Release;
		};
		F88FE3612E97C33200376230 /* Debug */ = {
			isa = XCBuildConfiguration;
			buildSettings = {
				BUNDLE_LOADER = "$(TEST_HOST)";
				CODE_SIGN_STYLE = Automatic;
				CURRENT_PROJECT_VERSION = 1;
				DEVELOPMENT_TEAM = 4329X84WSG;
				GENERATE_INFOPLIST_FILE = YES;
				IPHONEOS_DEPLOYMENT_TARGET = 18.5;
				MARKETING_VERSION = 1.0;
				PRODUCT_BUNDLE_IDENTIFIER = PepSic.RollingDiceTests;
				PRODUCT_NAME = "$(TARGET_NAME)";
				SWIFT_EMIT_LOC_STRINGS = NO;
				SWIFT_VERSION = 5.0;
				TARGETED_DEVICE_FAMILY = "1,2";
				TEST_HOST = "$(BUILT_PRODUCTS_DIR)/RollingDice.app/$(BUNDLE_EXECUTABLE_FOLDER_PATH)/RollingDice";
			};
			name = Debug;
		};
		F88FE3622E97C33200376230 /* Release */ = {
			isa = XCBuildConfiguration;
			buildSettings = {
				BUNDLE_LOADER = "$(TEST_HOST)";
				CODE_SIGN_STYLE = Automatic;
				CURRENT_PROJECT_VERSION = 1;
				DEVELOPMENT_TEAM = 4329X84WSG;
				GENERATE_INFOPLIST_FILE = YES;
				IPHONEOS_DEPLOYMENT_TARGET = 18.5;
				MARKETING_VERSION = 1.0;
				PRODUCT_BUNDLE_IDENTIFIER = PepSic.RollingDiceTests;
				PRODUCT_NAME = "$(TARGET_NAME)";
				SWIFT_EMIT_LOC_STRINGS = NO;
				SWIFT_VERSION = 5.0;
				TARGETED_DEVICE_FAMILY = "1,2";
				TEST_HOST = "$(BUILT_PRODUCTS_DIR)/RollingDice.app/$(BUNDLE_EXECUTABLE_FOLDER_PATH)/RollingDice";
			};
			name = Release;
		};
		F88FE3642E97C33200376230 /* Debug */ = {
			isa = XCBuildConfiguration;
			buildSettings = {
				CODE_SIGN_STYLE = Automatic;
				CURRENT_PROJECT_VERSION = 1;
				DEVELOPMENT_TEAM = 4329X84WSG;
				GENERATE_INFOPLIST_FILE = YES;
				MARKETING_VERSION = 1.0;
				PRODUCT_BUNDLE_IDENTIFIER = PepSic.RollingDiceUITests;
				PRODUCT_NAME = "$(TARGET_NAME)";
				SWIFT_EMIT_LOC_STRINGS = NO;
				SWIFT_VERSION = 5.0;
				TARGETED_DEVICE_FAMILY = "1,2";
				TEST_TARGET_NAME = RollingDice;
			};
			name = Debug;
		};
		F88FE3652E97C33200376230 /* Release */ = {
			isa = XCBuildConfiguration;
			buildSettings = {
				CODE_SIGN_STYLE = Automatic;
				CURRENT_PROJECT_VERSION = 1;
				DEVELOPMENT_TEAM = 4329X84WSG;
				GENERATE_INFOPLIST_FILE = YES;
				MARKETING_VERSION = 1.0;
				PRODUCT_BUNDLE_IDENTIFIER = PepSic.RollingDiceUITests;
				PRODUCT_NAME = "$(TARGET_NAME)";
				SWIFT_EMIT_LOC_STRINGS = NO;
				SWIFT_VERSION = 5.0;
				TARGETED_DEVICE_FAMILY = "1,2";
				TEST_TARGET_NAME = RollingDice;
			};
			name = Release;
		};
/* End XCBuildConfiguration section */

/* Begin XCConfigurationList section */
		F88FE3322E97C32F00376230 /* Build configuration list for PBXProject "RollingDice" */ = {
			isa = XCConfigurationList;
			buildConfigurations = (
				F88FE35B2E97C33200376230 /* Debug */,
				F88FE35C2E97C33200376230 /* Release */,
			);
			defaultConfigurationIsVisible = 0;
			defaultConfigurationName = Release;
		};
		F88FE35D2E97C33200376230 /* Build configuration list for PBXNativeTarget "RollingDice" */ = {
			isa = XCConfigurationList;
			buildConfigurations = (
				F88FE35E2E97C33200376230 /* Debug */,
				F88FE35F2E97C33200376230 /* Release */,
			);
			defaultConfigurationIsVisible = 0;
			defaultConfigurationName = Release;
		};
		F88FE3602E97C33200376230 /* Build configuration list for PBXNativeTarget "RollingDiceTests" */ = {
			isa = XCConfigurationList;
			buildConfigurations = (
				F88FE3612E97C33200376230 /* Debug */,
				F88FE3622E97C33200376230 /* Release */,
			);
			defaultConfigurationIsVisible = 0;
			defaultConfigurationName = Release;
		};
		F88FE3632E97C33200376230 /* Build configuration list for PBXNativeTarget "RollingDiceUITests" */ = {
			isa = XCConfigurationList;
			buildConfigurations = (
				F88FE3642E97C33200376230 /* Debug */,
				F88FE3652E97C33200376230 /* Release */,
			);
			defaultConfigurationIsVisible = 0;
			defaultConfigurationName = Release;
		};
/* End XCConfigurationList section */

/* Begin XCRemoteSwiftPackageReference section */
		F88FE3D52E9D3E9300376230 /* XCRemoteSwiftPackageReference "ios-places-sdk" */ = {
			isa = XCRemoteSwiftPackageReference;
			repositoryURL = "https://github.com/googlemaps/ios-places-sdk";
			requirement = {
				kind = upToNextMajorVersion;
				minimumVersion = 10.4.0;
			};
		};
/* End XCRemoteSwiftPackageReference section */

/* Begin XCSwiftPackageProductDependency section */
		F88FE3FF2E9D41C200376230 /* GooglePlaces */ = {
			isa = XCSwiftPackageProductDependency;
			package = F88FE3D52E9D3E9300376230 /* XCRemoteSwiftPackageReference "ios-places-sdk" */;
			productName = GooglePlaces;
		};
		F88FE4012E9D41C200376230 /* GooglePlacesSwift */ = {
			isa = XCSwiftPackageProductDependency;
			package = F88FE3D52E9D3E9300376230 /* XCRemoteSwiftPackageReference "ios-places-sdk" */;
			productName = GooglePlacesSwift;
		};
/* End XCSwiftPackageProductDependency section */
	};
	rootObject = F88FE32F2E97C32F00376230 /* Project object */;
}
